
Microsoft Visual Studio Solution File, Format Version 12.00
# Visual Studio 2012
Project("{FAE04EC0-301F-11D3-BF4B-00C04F79EFBC}") = "TracingDemo", "TracingDemo\TracingDemo.csproj", "{9067FFDA-F045-427D-B019-B8A60EA47DD3}"
EndProject
Project("{FAE04EC0-301F-11D3-BF4B-00C04F79EFBC}") = "TestLib", "TestLib\TestLib.csproj", "{05FBB05E-AEEC-4D45-80B5-C067C17CBFD7}"
EndProject
Global
	GlobalSection(SolutionConfigurationPlatforms) = preSolution
		Debug|Any CPU = Debug|Any CPU
		Release|Any CPU = Release|Any CPU
	EndGlobalSection
	GlobalSection(ProjectConfigurationPlatforms) = postSolution
		{9067FFDA-F045-427D-B019-B8A60EA47DD3}.Debug|Any CPU.ActiveCfg = Debug|Any CPU
		{9067FFDA-F045-427D-B019-B8A60EA47DD3}.Debug|Any CPU.Build.0 = Debug|Any CPU
		{9067FFDA-F045-427D-B019-B8A60EA47DD3}.Release|Any CPU.ActiveCfg = Release|Any CPU
		{9067FFDA-F045-427D-B019-B8A60EA47DD3}.Release|Any CPU.Build.0 = Release|Any CPU
		{05FBB05E-AEEC-4D45-80B5-C067C17CBFD7}.Debug|Any CPU.ActiveCfg = Debug|Any CPU
		{05FBB05E-AEEC-4D45-80B5-C067C17CBFD7}.Debug|Any CPU.Build.0 = Debug|Any CPU
		{05FBB05E-AEEC-4D45-80B5-C067C17CBFD7}.Release|Any CPU.ActiveCfg = Release|Any CPU
		{05FBB05E-AEEC-4D45-80B5-C067C17CBFD7}.Release|Any CPU.Build.0 = Release|Any CPU
	EndGlobalSection
	GlobalSection(SolutionProperties) = preSolution
		HideSolutionNode = FALSE
	EndGlobalSection
EndGlobal
